
Microsoft Visual Studio Solution File, Format Version 12.00
# Visual Studio Version 17
VisualStudioVersion = 17.4.33213.308
MinimumVisualStudioVersion = 10.0.40219.1
Project("{FAE04EC0-301F-11D3-BF4B-00C04F79EFBC}") = "ScheduleService.API", "ScheduleService.API\ScheduleService.API.csproj", "{FBE2E465-896B-4E88-8F63-75080A4A9D78}"
EndProject
Global
	GlobalSection(SolutionConfigurationPlatforms) = preSolution
		Debug|Any CPU = Debug|Any CPU
		Release|Any CPU = Release|Any CPU
	EndGlobalSection
	GlobalSection(ProjectConfigurationPlatforms) = postSolution
		{FBE2E465-896B-4E88-8F63-75080A4A9D78}.Debug|Any CPU.ActiveCfg = Debug|Any CPU
		{FBE2E465-896B-4E88-8F63-75080A4A9D78}.Debug|Any CPU.Build.0 = Debug|Any CPU
		{FBE2E465-896B-4E88-8F63-75080A4A9D78}.Release|Any CPU.ActiveCfg = Release|Any CPU
		{FBE2E465-896B-4E88-8F63-75080A4A9D78}.Release|Any CPU.Build.0 = Release|Any CPU
	EndGlobalSection
	GlobalSection(SolutionProperties) = preSolution
		HideSolutionNode = FALSE
	EndGlobalSection
	GlobalSection(ExtensibilityGlobals) = postSolution
		SolutionGuid = {F5A85A10-14AC-4478-BB20-445599654976}
	EndGlobalSection
EndGlobal
